
Microsoft Visual Studio Solution File, Format Version 12.00
# Visual Studio 15
VisualStudioVersion = 15.0.27130.2010
MinimumVisualStudioVersion = 10.0.40219.1
Project("{FAE04EC0-301F-11D3-BF4B-00C04F79EFBC}") = "Execute", "Execute\Execute.csproj", "{64F4D88C-F856-4072-A362-27CAB8F4AC46}"
EndProject
Project("{FAE04EC0-301F-11D3-BF4B-00C04F79EFBC}") = "NewBoot", "NewBoot\NewBoot.csproj", "{3550E9EB-BC18-4445-8AEC-453E1E819EB5}"
EndProject
Project("{FAE04EC0-301F-11D3-BF4B-00C04F79EFBC}") = "OldBoot", "OldBoot\OldBoot.csproj", "{EFCE1436-F19F-4259-989A-1B869E650C53}"
EndProject
Project("{FAE04EC0-301F-11D3-BF4B-00C04F79EFBC}") = "DataAccessLayer", "DataAccessLayer\DataAccessLayer.csproj", "{E144968E-EA0D-4627-ABAA-89A74B31E32B}"
EndProject
Project("{FAE04EC0-301F-11D3-BF4B-00C04F79EFBC}") = "Driver", "Driver\Driver.csproj", "{BEA444BD-4E17-4B41-932D-F7AF54591CCF}"
EndProject
Project("{FAE04EC0-301F-11D3-BF4B-00C04F79EFBC}") = "Exatensions", "Exatensions\Exatensions.csproj", "{59492478-5B81-4894-8B38-F2F0CD6C2FAA}"
EndProject
Global
	GlobalSection(SolutionConfigurationPlatforms) = preSolution
		Debug|Any CPU = Debug|Any CPU
		Release|Any CPU = Release|Any CPU
	EndGlobalSection
	GlobalSection(ProjectConfigurationPlatforms) = postSolution
		{64F4D88C-F856-4072-A362-27CAB8F4AC46}.Debug|Any CPU.ActiveCfg = Debug|Any CPU
		{64F4D88C-F856-4072-A362-27CAB8F4AC46}.Debug|Any CPU.Build.0 = Debug|Any CPU
		{64F4D88C-F856-4072-A362-27CAB8F4AC46}.Release|Any CPU.ActiveCfg = Release|Any CPU
		{64F4D88C-F856-4072-A362-27CAB8F4AC46}.Release|Any CPU.Build.0 = Release|Any CPU
		{3550E9EB-BC18-4445-8AEC-453E1E819EB5}.Debug|Any CPU.ActiveCfg = Debug|Any CPU
		{3550E9EB-BC18-4445-8AEC-453E1E819EB5}.Debug|Any CPU.Build.0 = Debug|Any CPU
		{3550E9EB-BC18-4445-8AEC-453E1E819EB5}.Release|Any CPU.ActiveCfg = Release|Any CPU
		{3550E9EB-BC18-4445-8AEC-453E1E819EB5}.Release|Any CPU.Build.0 = Release|Any CPU
		{EFCE1436-F19F-4259-989A-1B869E650C53}.Debug|Any CPU.ActiveCfg = Debug|Any CPU
		{EFCE1436-F19F-4259-989A-1B869E650C53}.Debug|Any CPU.Build.0 = Debug|Any CPU
		{EFCE1436-F19F-4259-989A-1B869E650C53}.Release|Any CPU.ActiveCfg = Release|Any CPU
		{EFCE1436-F19F-4259-989A-1B869E650C53}.Release|Any CPU.Build.0 = Release|Any CPU
		{E144968E-EA0D-4627-ABAA-89A74B31E32B}.Debug|Any CPU.ActiveCfg = Debug|Any CPU
		{E144968E-EA0D-4627-ABAA-89A74B31E32B}.Debug|Any CPU.Build.0 = Debug|Any CPU
		{E144968E-EA0D-4627-ABAA-89A74B31E32B}.Release|Any CPU.ActiveCfg = Release|Any CPU
		{E144968E-EA0D-4627-ABAA-89A74B31E32B}.Release|Any CPU.Build.0 = Release|Any CPU
		{BEA444BD-4E17-4B41-932D-F7AF54591CCF}.Debug|Any CPU.ActiveCfg = Debug|Any CPU
		{BEA444BD-4E17-4B41-932D-F7AF54591CCF}.Debug|Any CPU.Build.0 = Debug|Any CPU
		{BEA444BD-4E17-4B41-932D-F7AF54591CCF}.Release|Any CPU.ActiveCfg = Release|Any CPU
		{BEA444BD-4E17-4B41-932D-F7AF54591CCF}.Release|Any CPU.Build.0 = Release|Any CPU
		{59492478-5B81-4894-8B38-F2F0CD6C2FAA}.Debug|Any CPU.ActiveCfg = Debug|Any CPU
		{59492478-5B81-4894-8B38-F2F0CD6C2FAA}.Debug|Any CPU.Build.0 = Debug|Any CPU
		{59492478-5B81-4894-8B38-F2F0CD6C2FAA}.Release|Any CPU.ActiveCfg = Release|Any CPU
		{59492478-5B81-4894-8B38-F2F0CD6C2FAA}.Release|Any CPU.Build.0 = Release|Any CPU
	EndGlobalSection
	GlobalSection(SolutionProperties) = preSolution
		HideSolutionNode = FALSE
	EndGlobalSection
	GlobalSection(ExtensibilityGlobals) = postSolution
		SolutionGuid = {6D8FF741-CBB9-4FC7-8294-8EAF835617BE}
	EndGlobalSection
EndGlobal
